// !$*UTF8*$!
{
	archiveVersion = 1;
	classes = {
	};
	objectVersion = 50;
	objects = {

/* Begin PBXBuildFile section */
		16F5794B264CC6F600FFD281 /* AppDelegate.swift in Sources */ = {isa = PBXBuildFile; fileRef = 16F5794A264CC6F600FFD281 /* AppDelegate.swift */; };
		16F5794D264CC6F600FFD281 /* SceneDelegate.swift in Sources */ = {isa = PBXBuildFile; fileRef = 16F5794C264CC6F600FFD281 /* SceneDelegate.swift */; };
		16F5794F264CC6F600FFD281 /* ViewController.swift in Sources */ = {isa = PBXBuildFile; fileRef = 16F5794E264CC6F600FFD281 /* ViewController.swift */; };
		16F57952264CC6F600FFD281 /* Main.storyboard in Resources */ = {isa = PBXBuildFile; fileRef = 16F57950264CC6F600FFD281 /* Main.storyboard */; };
		16F57954264CC6F700FFD281 /* Assets.xcassets in Resources */ = {isa = PBXBuildFile; fileRef = 16F57953264CC6F700FFD281 /* Assets.xcassets */; };
		16F57957264CC6F700FFD281 /* LaunchScreen.storyboard in Resources */ = {isa = PBXBuildFile; fileRef = 16F57955264CC6F700FFD281 /* LaunchScreen.storyboard */; };
/* End PBXBuildFile section */

/* Begin PBXFileReference section */
		16D1806D264CD13100C51425 /* 常量和变量.playground */ = {isa = PBXFileReference; lastKnownFileType = file.playground; path = "常量和变量.playground"; sourceTree = "<group>"; xcLanguageSpecificationIdentifier = xcode.lang.swift; };
		16D1806E264CFAEF00C51425 /* 注释.playground */ = {isa = PBXFileReference; lastKnownFileType = file.playground; path = "注释.playground"; sourceTree = "<group>"; xcLanguageSpecificationIdentifier = xcode.lang.swift; };
		16D1806F264CFD2400C51425 /* 分号.playground */ = {isa = PBXFileReference; lastKnownFileType = file.playground; path = "分号.playground"; sourceTree = "<group>"; xcLanguageSpecificationIdentifier = xcode.lang.swift; };
		16D18070264CFE5D00C51425 /* 整数.playground */ = {isa = PBXFileReference; lastKnownFileType = file.playground; path = "整数.playground"; sourceTree = "<group>"; xcLanguageSpecificationIdentifier = xcode.lang.swift; };
		16D18071264D00C300C51425 /* 浮点数.playground */ = {isa = PBXFileReference; lastKnownFileType = file.playground; path = "浮点数.playground"; sourceTree = "<group>"; xcLanguageSpecificationIdentifier = xcode.lang.swift; };
		16D18072264D04CB00C51425 /* 类型安全和类型推断.playground */ = {isa = PBXFileReference; lastKnownFileType = file.playground; path = "类型安全和类型推断.playground"; sourceTree = "<group>"; xcLanguageSpecificationIdentifier = xcode.lang.swift; };
		16D18073264D083E00C51425 /* 数值型字面量.playground */ = {isa = PBXFileReference; lastKnownFileType = file.playground; path = "数值型字面量.playground"; sourceTree = "<group>"; xcLanguageSpecificationIdentifier = xcode.lang.swift; };
		16D18074264E095300C51425 /* 数值型类型转换.playground */ = {isa = PBXFileReference; lastKnownFileType = file.playground; path = "数值型类型转换.playground"; sourceTree = "<group>"; xcLanguageSpecificationIdentifier = xcode.lang.swift; };
		16F57947264CC6F600FFD281 /* SwiftLearnProject.app */ = {isa = PBXFileReference; explicitFileType = wrapper.application; includeInIndex = 0; path = SwiftLearnProject.app; sourceTree = BUILT_PRODUCTS_DIR; };
		16F5794A264CC6F600FFD281 /* AppDelegate.swift */ = {isa = PBXFileReference; lastKnownFileType = sourcecode.swift; path = AppDelegate.swift; sourceTree = "<group>"; };
		16F5794C264CC6F600FFD281 /* SceneDelegate.swift */ = {isa = PBXFileReference; lastKnownFileType = sourcecode.swift; path = SceneDelegate.swift; sourceTree = "<group>"; };
		16F5794E264CC6F600FFD281 /* ViewController.swift */ = {isa = PBXFileReference; lastKnownFileType = sourcecode.swift; path = ViewController.swift; sourceTree = "<group>"; };
		16F57951264CC6F600FFD281 /* Base */ = {isa = PBXFileReference; lastKnownFileType = file.storyboard; name = Base; path = Base.lproj/Main.storyboard; sourceTree = "<group>"; };
		16F57953264CC6F700FFD281 /* Assets.xcassets */ = {isa = PBXFileReference; lastKnownFileType = folder.assetcatalog; path = Assets.xcassets; sourceTree = "<group>"; };
		16F57956264CC6F700FFD281 /* Base */ = {isa = PBXFileReference; lastKnownFileType = file.storyboard; name = Base; path = Base.lproj/LaunchScreen.storyboard; sourceTree = "<group>"; };
		16F57958264CC6F700FFD281 /* Info.plist */ = {isa = PBXFileReference; lastKnownFileType = text.plist.xml; path = Info.plist; sourceTree = "<group>"; };
		16F57962264E112300FFD281 /* 类型别名.playground */ = {isa = PBXFileReference; lastKnownFileType = file.playground; path = "类型别名.playground"; sourceTree = "<group>"; xcLanguageSpecificationIdentifier = xcode.lang.swift; };
		16F57964264E130600FFD281 /* 布尔值.playground */ = {isa = PBXFileReference; lastKnownFileType = file.playground; path = "布尔值.playground"; sourceTree = "<group>"; xcLanguageSpecificationIdentifier = xcode.lang.swift; };
		16F57966264E14B000FFD281 /* 元组.playground */ = {isa = PBXFileReference; lastKnownFileType = file.playground; path = "元组.playground"; sourceTree = "<group>"; xcLanguageSpecificationIdentifier = xcode.lang.swift; };
		16F57968264E1AA800FFD281 /* 可选类型.playground */ = {isa = PBXFileReference; lastKnownFileType = file.playground; path = "可选类型.playground"; sourceTree = "<group>"; xcLanguageSpecificationIdentifier = xcode.lang.swift; };
		16F579D7265211A300FFD281 /* 错误处理.playground */ = {isa = PBXFileReference; lastKnownFileType = file.playground; path = "错误处理.playground"; sourceTree = "<group>"; xcLanguageSpecificationIdentifier = xcode.lang.swift; };
/* End PBXFileReference section */

/* Begin PBXFrameworksBuildPhase section */
		16F57944264CC6F600FFD281 /* Frameworks */ = {
			isa = PBXFrameworksBuildPhase;
			buildActionMask = 2147483647;
			files = (
			);
			runOnlyForDeploymentPostprocessing = 0;
		};
/* End PBXFrameworksBuildPhase section */

/* Begin PBXGroup section */
		16D18068264CCDAD00C51425 /* TheBasic */ = {
			isa = PBXGroup;
			children = (
				16D1806D264CD13100C51425 /* 常量和变量.playground */,
				16D1806E264CFAEF00C51425 /* 注释.playground */,
				16D1806F264CFD2400C51425 /* 分号.playground */,
				16D18070264CFE5D00C51425 /* 整数.playground */,
				16D18071264D00C300C51425 /* 浮点数.playground */,
				16D18072264D04CB00C51425 /* 类型安全和类型推断.playground */,
				16D18073264D083E00C51425 /* 数值型字面量.playground */,
				16D18074264E095300C51425 /* 数值型类型转换.playground */,
				16F57962264E112300FFD281 /* 类型别名.playground */,
				16F57964264E130600FFD281 /* 布尔值.playground */,
				16F57966264E14B000FFD281 /* 元组.playground */,
				16F57968264E1AA800FFD281 /* 可选类型.playground */,
				16F579D7265211A300FFD281 /* 错误处理.playground */,
			);
			path = TheBasic;
			sourceTree = "<group>";
		};
		16F5793E264CC6F500FFD281 = {
			isa = PBXGroup;
			children = (
				16F57949264CC6F600FFD281 /* SwiftLearnProject */,
				16F57948264CC6F600FFD281 /* Products */,
			);
			sourceTree = "<group>";
		};
		16F57948264CC6F600FFD281 /* Products */ = {
			isa = PBXGroup;
			children = (
				16F57947264CC6F600FFD281 /* SwiftLearnProject.app */,
			);
			name = Products;
			sourceTree = "<group>";
		};
		16F57949264CC6F600FFD281 /* SwiftLearnProject */ = {
			isa = PBXGroup;
			children = (
				16D18068264CCDAD00C51425 /* TheBasic */,
				16F5794A264CC6F600FFD281 /* AppDelegate.swift */,
				16F5794C264CC6F600FFD281 /* SceneDelegate.swift */,
				16F5794E264CC6F600FFD281 /* ViewController.swift */,
				16F57950264CC6F600FFD281 /* Main.storyboard */,
				16F57953264CC6F700FFD281 /* Assets.xcassets */,
				16F57955264CC6F700FFD281 /* LaunchScreen.storyboard */,
				16F57958264CC6F700FFD281 /* Info.plist */,
			);
			path = SwiftLearnProject;
			sourceTree = "<group>";
		};
/* End PBXGroup section */

/* Begin PBXNativeTarget section */
		16F57946264CC6F600FFD281 /* SwiftLearnProject */ = {
			isa = PBXNativeTarget;
			buildConfigurationList = 16F5795B264CC6F700FFD281 /* Build configuration list for PBXNativeTarget "SwiftLearnProject" */;
			buildPhases = (
				16F57943264CC6F600FFD281 /* Sources */,
				16F57944264CC6F600FFD281 /* Frameworks */,
				16F57945264CC6F600FFD281 /* Resources */,
			);
			buildRules = (
			);
			dependencies = (
			);
			name = SwiftLearnProject;
			productName = SwiftLearnProject;
			productReference = 16F57947264CC6F600FFD281 /* SwiftLearnProject.app */;
			productType = "com.apple.product-type.application";
		};
/* End PBXNativeTarget section */

/* Begin PBXProject section */
		16F5793F264CC6F500FFD281 /* Project object */ = {
			isa = PBXProject;
			attributes = {
				LastSwiftUpdateCheck = 1240;
				LastUpgradeCheck = 1240;
				TargetAttributes = {
					16F57946264CC6F600FFD281 = {
						CreatedOnToolsVersion = 12.4;
					};
				};
			};
			buildConfigurationList = 16F57942264CC6F500FFD281 /* Build configuration list for PBXProject "SwiftLearnProject" */;
			compatibilityVersion = "Xcode 9.3";
			developmentRegion = en;
			hasScannedForEncodings = 0;
			knownRegions = (
				en,
				Base,
			);
			mainGroup = 16F5793E264CC6F500FFD281;
			productRefGroup = 16F57948264CC6F600FFD281 /* Products */;
			projectDirPath = "";
			projectRoot = "";
			targets = (
				16F57946264CC6F600FFD281 /* SwiftLearnProject */,
			);
		};
/* End PBXProject section */

/* Begin PBXResourcesBuildPhase section */
		16F57945264CC6F600FFD281 /* Resources */ = {
			isa = PBXResourcesBuildPhase;
			buildActionMask = 2147483647;
			files = (
				16F57957264CC6F700FFD281 /* LaunchScreen.storyboard in Resources */,
				16F57954264CC6F700FFD281 /* Assets.xcassets in Resources */,
				16F57952264CC6F600FFD281 /* Main.storyboard in Resources */,
			);
			runOnlyForDeploymentPostprocessing = 0;
		};
/* End PBXResourcesBuildPhase section */

/* Begin PBXSourcesBuildPhase section */
		16F57943264CC6F600FFD281 /* Sources */ = {
			isa = PBXSourcesBuildPhase;
			buildActionMask = 2147483647;
			files = (
				16F5794F264CC6F600FFD281 /* ViewController.swift in Sources */,
				16F5794B264CC6F600FFD281 /* AppDelegate.swift in Sources */,
				16F5794D264CC6F600FFD281 /* SceneDelegate.swift in Sources */,
			);
			runOnlyForDeploymentPostprocessing = 0;
		};
/* End PBXSourcesBuildPhase section */

/* Begin PBXVariantGroup section */
		16F57950264CC6F600FFD281 /* Main.storyboard */ = {
			isa = PBXVariantGroup;
			children = (
				16F57951264CC6F600FFD281 /* Base */,
			);
			name = Main.storyboard;
			sourceTree = "<group>";
		};
		16F57955264CC6F700FFD281 /* LaunchScreen.storyboard */ = {
			isa = PBXVariantGroup;
			children = (
				16F57956264CC6F700FFD281 /* Base */,
			);
			name = LaunchScreen.storyboard;
			sourceTree = "<group>";
		};
/* End PBXVariantGroup section */

/* Begin XCBuildConfiguration section */
		16F57959264CC6F700FFD281 /* Debug */ = {
			isa = XCBuildConfiguration;
			buildSettings = {
				ALWAYS_SEARCH_USER_PATHS = NO;
				CLANG_ANALYZER_NONNULL = YES;
				CLANG_ANALYZER_NUMBER_OBJECT_CONVERSION = YES_AGGRESSIVE;
				CLANG_CXX_LANGUAGE_STANDARD = "gnu++14";
				CLANG_CXX_LIBRARY = "libc++";
				CLANG_ENABLE_MODULES = YES;
				CLANG_ENABLE_OBJC_ARC = YES;
				CLANG_ENABLE_OBJC_WEAK = YES;
				CLANG_WARN_BLOCK_CAPTURE_AUTORELEASING = YES;
				CLANG_WARN_BOOL_CONVERSION = YES;
				CLANG_WARN_COMMA = YES;
				CLANG_WARN_CONSTANT_CONVERSION = YES;
				CLANG_WARN_DEPRECATED_OBJC_IMPLEMENTATIONS = YES;
				CLANG_WARN_DIRECT_OBJC_ISA_USAGE = YES_ERROR;
				CLANG_WARN_DOCUMENTATION_COMMENTS = YES;
				CLANG_WARN_EMPTY_BODY = YES;
				CLANG_WARN_ENUM_CONVERSION = YES;
				CLANG_WARN_INFINITE_RECURSION = YES;
				CLANG_WARN_INT_CONVERSION = YES;
				CLANG_WARN_NON_LITERAL_NULL_CONVERSION = YES;
				CLANG_WARN_OBJC_IMPLICIT_RETAIN_SELF = YES;
				CLANG_WARN_OBJC_LITERAL_CONVERSION = YES;
				CLANG_WARN_OBJC_ROOT_CLASS = YES_ERROR;
				CLANG_WARN_QUOTED_INCLUDE_IN_FRAMEWORK_HEADER = YES;
				CLANG_WARN_RANGE_LOOP_ANALYSIS = YES;
				CLANG_WARN_STRICT_PROTOTYPES = YES;
				CLANG_WARN_SUSPICIOUS_MOVE = YES;
				CLANG_WARN_UNGUARDED_AVAILABILITY = YES_AGGRESSIVE;
				CLANG_WARN_UNREACHABLE_CODE = YES;
				CLANG_WARN__DUPLICATE_METHOD_MATCH = YES;
				COPY_PHASE_STRIP = NO;
				DEBUG_INFORMATION_FORMAT = dwarf;
				ENABLE_STRICT_OBJC_MSGSEND = YES;
				ENABLE_TESTABILITY = YES;
				GCC_C_LANGUAGE_STANDARD = gnu11;
				GCC_DYNAMIC_NO_PIC = NO;
				GCC_NO_COMMON_BLOCKS = YES;
				GCC_OPTIMIZATION_LEVEL = 0;
				GCC_PREPROCESSOR_DEFINITIONS = (
					"DEBUG=1",
					"$(inherited)",
				);
				GCC_WARN_64_TO_32_BIT_CONVERSION = YES;
				GCC_WARN_ABOUT_RETURN_TYPE = YES_ERROR;
				GCC_WARN_UNDECLARED_SELECTOR = YES;
				GCC_WARN_UNINITIALIZED_AUTOS = YES_AGGRESSIVE;
				GCC_WARN_UNUSED_FUNCTION = YES;
				GCC_WARN_UNUSED_VARIABLE = YES;
				IPHONEOS_DEPLOYMENT_TARGET = 14.4;
				MTL_ENABLE_DEBUG_INFO = INCLUDE_SOURCE;
				MTL_FAST_MATH = YES;
				ONLY_ACTIVE_ARCH = YES;
				SDKROOT = iphoneos;
				SWIFT_ACTIVE_COMPILATION_CONDITIONS = DEBUG;
				SWIFT_OPTIMIZATION_LEVEL = "-Onone";
			};
			name = Debug;
		};
		16F5795A264CC6F700FFD281 /* Release */ = {
			isa = XCBuildConfiguration;
			buildSettings = {
				ALWAYS_SEARCH_USER_PATHS = NO;
				CLANG_ANALYZER_NONNULL = YES;
				CLANG_ANALYZER_NUMBER_OBJECT_CONVERSION = YES_AGGRESSIVE;
				CLANG_CXX_LANGUAGE_STANDARD = "gnu++14";
				CLANG_CXX_LIBRARY = "libc++";
				CLANG_ENABLE_MODULES = YES;
				CLANG_ENABLE_OBJC_ARC = YES;
				CLANG_ENABLE_OBJC_WEAK = YES;
				CLANG_WARN_BLOCK_CAPTURE_AUTORELEASING = YES;
				CLANG_WARN_BOOL_CONVERSION = YES;
				CLANG_WARN_COMMA = YES;
				CLANG_WARN_CONSTANT_CONVERSION = YES;
				CLANG_WARN_DEPRECATED_OBJC_IMPLEMENTATIONS = YES;
				CLANG_WARN_DIRECT_OBJC_ISA_USAGE = YES_ERROR;
				CLANG_WARN_DOCUMENTATION_COMMENTS = YES;
				CLANG_WARN_EMPTY_BODY = YES;
				CLANG_WARN_ENUM_CONVERSION = YES;
				CLANG_WARN_INFINITE_RECURSION = YES;
				CLANG_WARN_INT_CONVERSION = YES;
				CLANG_WARN_NON_LITERAL_NULL_CONVERSION = YES;
				CLANG_WARN_OBJC_IMPLICIT_RETAIN_SELF = YES;
				CLANG_WARN_OBJC_LITERAL_CONVERSION = YES;
				CLANG_WARN_OBJC_ROOT_CLASS = YES_ERROR;
				CLANG_WARN_QUOTED_INCLUDE_IN_FRAMEWORK_HEADER = YES;
				CLANG_WARN_RANGE_LOOP_ANALYSIS = YES;
				CLANG_WARN_STRICT_PROTOTYPES = YES;
				CLANG_WARN_SUSPICIOUS_MOVE = YES;
				CLANG_WARN_UNGUARDED_AVAILABILITY = YES_AGGRESSIVE;
				CLANG_WARN_UNREACHABLE_CODE = YES;
				CLANG_WARN__DUPLICATE_METHOD_MATCH = YES;
				COPY_PHASE_STRIP = NO;
				DEBUG_INFORMATION_FORMAT = "dwarf-with-dsym";
				ENABLE_NS_ASSERTIONS = NO;
				ENABLE_STRICT_OBJC_MSGSEND = YES;
				GCC_C_LANGUAGE_STANDARD = gnu11;
				GCC_NO_COMMON_BLOCKS = YES;
				GCC_WARN_64_TO_32_BIT_CONVERSION = YES;
				GCC_WARN_ABOUT_RETURN_TYPE = YES_ERROR;
				GCC_WARN_UNDECLARED_SELECTOR = YES;
				GCC_WARN_UNINITIALIZED_AUTOS = YES_AGGRESSIVE;
				GCC_WARN_UNUSED_FUNCTION = YES;
				GCC_WARN_UNUSED_VARIABLE = YES;
				IPHONEOS_DEPLOYMENT_TARGET = 14.4;
				MTL_ENABLE_DEBUG_INFO = NO;
				MTL_FAST_MATH = YES;
				SDKROOT = iphoneos;
				SWIFT_COMPILATION_MODE = wholemodule;
				SWIFT_OPTIMIZATION_LEVEL = "-O";
				VALIDATE_PRODUCT = YES;
			};
			name = Release;
		};
		16F5795C264CC6F700FFD281 /* Debug */ = {
			isa = XCBuildConfiguration;
			buildSettings = {
				ASSETCATALOG_COMPILER_APPICON_NAME = AppIcon;
				ASSETCATALOG_COMPILER_GLOBAL_ACCENT_COLOR_NAME = AccentColor;
				CODE_SIGN_STYLE = Automatic;
				DEVELOPMENT_TEAM = Z3S96UX2KM;
				INFOPLIST_FILE = SwiftLearnProject/Info.plist;
				LD_RUNPATH_SEARCH_PATHS = (
					"$(inherited)",
					"@executable_path/Frameworks",
				);
				PRODUCT_BUNDLE_IDENTIFIER = com.jiangshulun.SwiftLearnProject;
				PRODUCT_NAME = "$(TARGET_NAME)";
				SWIFT_VERSION = 5.0;
				TARGETED_DEVICE_FAMILY = "1,2";
			};
			name = Debug;
		};
		16F5795D264CC6F700FFD281 /* Release */ = {
			isa = XCBuildConfiguration;
			buildSettings = {
				ASSETCATALOG_COMPILER_APPICON_NAME = AppIcon;
				ASSETCATALOG_COMPILER_GLOBAL_ACCENT_COLOR_NAME = AccentColor;
				CODE_SIGN_STYLE = Automatic;
				DEVELOPMENT_TEAM = Z3S96UX2KM;
				INFOPLIST_FILE = SwiftLearnProject/Info.plist;
				LD_RUNPATH_SEARCH_PATHS = (
					"$(inherited)",
					"@executable_path/Frameworks",
				);
				PRODUCT_BUNDLE_IDENTIFIER = com.jiangshulun.SwiftLearnProject;
				PRODUCT_NAME = "$(TARGET_NAME)";
				SWIFT_VERSION = 5.0;
				TARGETED_DEVICE_FAMILY = "1,2";
			};
			name = Release;
		};
/* End XCBuildConfiguration section */

/* Begin XCConfigurationList section */
		16F57942264CC6F500FFD281 /* Build configuration list for PBXProject "SwiftLearnProject" */ = {
			isa = XCConfigurationList;
			buildConfigurations = (
				16F57959264CC6F700FFD281 /* Debug */,
				16F5795A264CC6F700FFD281 /* Release */,
			);
			defaultConfigurationIsVisible = 0;
			defaultConfigurationName = Release;
		};
		16F5795B264CC6F700FFD281 /* Build configuration list for PBXNativeTarget "SwiftLearnProject" */ = {
			isa = XCConfigurationList;
			buildConfigurations = (
				16F5795C264CC6F700FFD281 /* Debug */,
				16F5795D264CC6F700FFD281 /* Release */,
			);
			defaultConfigurationIsVisible = 0;
			defaultConfigurationName = Release;
		};
/* End XCConfigurationList section */
	};
	rootObject = 16F5793F264CC6F500FFD281 /* Project object */;
}
